
Microsoft Visual Studio Solution File, Format Version 11.00
# Visual Studio 2010
Project("{FAE04EC0-301F-11D3-BF4B-00C04F79EFBC}") = "Modern Chess", "Assembly-CSharp.csproj", "{34C986A8-B678-7BFF-0D4E-E475005BFD43}"
EndProject
Global
	GlobalSection(SolutionConfigurationPlatforms) = preSolution
		Debug|Any CPU = Debug|Any CPU
		Release|Any CPU = Release|Any CPU
	EndGlobalSection
	GlobalSection(ProjectConfigurationPlatforms) = postSolution
		{34C986A8-B678-7BFF-0D4E-E475005BFD43}.Debug|Any CPU.ActiveCfg = Debug|Any CPU
		{34C986A8-B678-7BFF-0D4E-E475005BFD43}.Debug|Any CPU.Build.0 = Debug|Any CPU
		{34C986A8-B678-7BFF-0D4E-E475005BFD43}.Release|Any CPU.ActiveCfg = Release|Any CPU
		{34C986A8-B678-7BFF-0D4E-E475005BFD43}.Release|Any CPU.Build.0 = Release|Any CPU
	EndGlobalSection
	GlobalSection(SolutionProperties) = preSolution
		HideSolutionNode = FALSE
	EndGlobalSection
	GlobalSection(MonoDevelopProperties) = preSolution
		StartupItem = Assembly-CSharp.csproj
	EndGlobalSection
EndGlobal
