
Microsoft Visual Studio Solution File, Format Version 11.00
# Visual Studio 2010
Project("{FAE04EC0-301F-11D3-BF4B-00C04F79EFBC}") = "Modern Chess", "Assembly-CSharp.csproj", "{34C986A8-B678-7BFF-0D4E-E475005BFD43}"
EndProject
Project("{FAE04EC0-301F-11D3-BF4B-00C04F79EFBC}") = "Modern Chess", "Assembly-CSharp-firstpass.csproj", "{0EEEFCFA-E7FD-083F-F831-5EA6307C66F0}"
EndProject
Project("{FAE04EC0-301F-11D3-BF4B-00C04F79EFBC}") = "Modern Chess", "Assembly-CSharp-Editor.csproj", "{4C148FC7-EC3E-ECD3-9EA6-6582A52821A8}"
EndProject
Project("{FAE04EC0-301F-11D3-BF4B-00C04F79EFBC}") = "Modern Chess", "Assembly-CSharp-Editor-firstpass.csproj", "{D533711A-B30A-5ACC-28B9-488BF62D0EFB}"
EndProject
Global
	GlobalSection(SolutionConfigurationPlatforms) = preSolution
		Debug|Any CPU = Debug|Any CPU
		Release|Any CPU = Release|Any CPU
	EndGlobalSection
	GlobalSection(ProjectConfigurationPlatforms) = postSolution
		{34C986A8-B678-7BFF-0D4E-E475005BFD43}.Debug|Any CPU.ActiveCfg = Debug|Any CPU
		{34C986A8-B678-7BFF-0D4E-E475005BFD43}.Debug|Any CPU.Build.0 = Debug|Any CPU
		{34C986A8-B678-7BFF-0D4E-E475005BFD43}.Release|Any CPU.ActiveCfg = Release|Any CPU
		{34C986A8-B678-7BFF-0D4E-E475005BFD43}.Release|Any CPU.Build.0 = Release|Any CPU
		{0EEEFCFA-E7FD-083F-F831-5EA6307C66F0}.Debug|Any CPU.ActiveCfg = Debug|Any CPU
		{0EEEFCFA-E7FD-083F-F831-5EA6307C66F0}.Debug|Any CPU.Build.0 = Debug|Any CPU
		{0EEEFCFA-E7FD-083F-F831-5EA6307C66F0}.Release|Any CPU.ActiveCfg = Release|Any CPU
		{0EEEFCFA-E7FD-083F-F831-5EA6307C66F0}.Release|Any CPU.Build.0 = Release|Any CPU
		{4C148FC7-EC3E-ECD3-9EA6-6582A52821A8}.Debug|Any CPU.ActiveCfg = Debug|Any CPU
		{4C148FC7-EC3E-ECD3-9EA6-6582A52821A8}.Debug|Any CPU.Build.0 = Debug|Any CPU
		{4C148FC7-EC3E-ECD3-9EA6-6582A52821A8}.Release|Any CPU.ActiveCfg = Release|Any CPU
		{4C148FC7-EC3E-ECD3-9EA6-6582A52821A8}.Release|Any CPU.Build.0 = Release|Any CPU
		{D533711A-B30A-5ACC-28B9-488BF62D0EFB}.Debug|Any CPU.ActiveCfg = Debug|Any CPU
		{D533711A-B30A-5ACC-28B9-488BF62D0EFB}.Debug|Any CPU.Build.0 = Debug|Any CPU
		{D533711A-B30A-5ACC-28B9-488BF62D0EFB}.Release|Any CPU.ActiveCfg = Release|Any CPU
		{D533711A-B30A-5ACC-28B9-488BF62D0EFB}.Release|Any CPU.Build.0 = Release|Any CPU
	EndGlobalSection
	GlobalSection(SolutionProperties) = preSolution
		HideSolutionNode = FALSE
	EndGlobalSection
	GlobalSection(MonoDevelopProperties) = preSolution
		StartupItem = Assembly-CSharp.csproj
	EndGlobalSection
EndGlobal
